
Microsoft Visual Studio Solution File, Format Version 12.00
# Visual Studio 2013
VisualStudioVersion = 12.0.21005.1
MinimumVisualStudioVersion = 10.0.40219.1
Project("{FAE04EC0-301F-11D3-BF4B-00C04F79EFBC}") = "Cvte.Windows.Controls.Charts.Example", "Cvte.Windows.Controls.ChartsDemo\Cvte.Windows.Controls.Charts.Example.csproj", "{9B7375D8-A10D-45B0-8523-C31E5B2EF7FF}"
EndProject
Project("{FAE04EC0-301F-11D3-BF4B-00C04F79EFBC}") = "Cvte.Windows.Controls.Charts", "Cvte.Windows.Controls.Chart\Cvte.Windows.Controls.Charts.csproj", "{A2052C82-9004-4B16-83B5-77535667E33A}"
EndProject
Global
	GlobalSection(SolutionConfigurationPlatforms) = preSolution
		Debug|Any CPU = Debug|Any CPU
		Release|Any CPU = Release|Any CPU
	EndGlobalSection
	GlobalSection(ProjectConfigurationPlatforms) = postSolution
		{9B7375D8-A10D-45B0-8523-C31E5B2EF7FF}.Debug|Any CPU.ActiveCfg = Debug|Any CPU
		{9B7375D8-A10D-45B0-8523-C31E5B2EF7FF}.Debug|Any CPU.Build.0 = Debug|Any CPU
		{9B7375D8-A10D-45B0-8523-C31E5B2EF7FF}.Release|Any CPU.ActiveCfg = Release|Any CPU
		{9B7375D8-A10D-45B0-8523-C31E5B2EF7FF}.Release|Any CPU.Build.0 = Release|Any CPU
		{A2052C82-9004-4B16-83B5-77535667E33A}.Debug|Any CPU.ActiveCfg = Debug|Any CPU
		{A2052C82-9004-4B16-83B5-77535667E33A}.Debug|Any CPU.Build.0 = Debug|Any CPU
		{A2052C82-9004-4B16-83B5-77535667E33A}.Release|Any CPU.ActiveCfg = Release|Any CPU
		{A2052C82-9004-4B16-83B5-77535667E33A}.Release|Any CPU.Build.0 = Release|Any CPU
	EndGlobalSection
	GlobalSection(SolutionProperties) = preSolution
		HideSolutionNode = FALSE
	EndGlobalSection
EndGlobal
